
Microsoft Visual Studio Solution File, Format Version 12.00
# Visual Studio Version 16
VisualStudioVersion = 16.0.31129.286
MinimumVisualStudioVersion = 10.0.40219.1
Project("{FAE04EC0-301F-11D3-BF4B-00C04F79EFBC}") = "SDKLibrary", "TestLibrary\SDKLibrary.csproj", "{0CCE58EE-A9BA-4414-BB98-840AD2954247}"
EndProject
Project("{FAE04EC0-301F-11D3-BF4B-00C04F79EFBC}") = "MainApp", "MainApp\MainApp.csproj", "{40EFABD9-4D2F-4A1B-97EA-6C9BB8BC28F1}"
EndProject
Project("{FAE04EC0-301F-11D3-BF4B-00C04F79EFBC}") = "AvaloniaUI", "AvaloniaUI\AvaloniaUI.csproj", "{DDD2AB94-2B4C-48A6-B8C6-783CB1A6353B}"
EndProject
Global
	GlobalSection(SolutionConfigurationPlatforms) = preSolution
		Debug|Any CPU = Debug|Any CPU
		Release|Any CPU = Release|Any CPU
	EndGlobalSection
	GlobalSection(ProjectConfigurationPlatforms) = postSolution
		{0CCE58EE-A9BA-4414-BB98-840AD2954247}.Debug|Any CPU.ActiveCfg = Debug|Any CPU
		{0CCE58EE-A9BA-4414-BB98-840AD2954247}.Debug|Any CPU.Build.0 = Debug|Any CPU
		{0CCE58EE-A9BA-4414-BB98-840AD2954247}.Release|Any CPU.ActiveCfg = Release|Any CPU
		{0CCE58EE-A9BA-4414-BB98-840AD2954247}.Release|Any CPU.Build.0 = Release|Any CPU
		{40EFABD9-4D2F-4A1B-97EA-6C9BB8BC28F1}.Debug|Any CPU.ActiveCfg = Debug|Any CPU
		{40EFABD9-4D2F-4A1B-97EA-6C9BB8BC28F1}.Debug|Any CPU.Build.0 = Debug|Any CPU
		{40EFABD9-4D2F-4A1B-97EA-6C9BB8BC28F1}.Release|Any CPU.ActiveCfg = Release|Any CPU
		{40EFABD9-4D2F-4A1B-97EA-6C9BB8BC28F1}.Release|Any CPU.Build.0 = Release|Any CPU
		{DDD2AB94-2B4C-48A6-B8C6-783CB1A6353B}.Debug|Any CPU.ActiveCfg = Debug|Any CPU
		{DDD2AB94-2B4C-48A6-B8C6-783CB1A6353B}.Debug|Any CPU.Build.0 = Debug|Any CPU
		{DDD2AB94-2B4C-48A6-B8C6-783CB1A6353B}.Release|Any CPU.ActiveCfg = Release|Any CPU
		{DDD2AB94-2B4C-48A6-B8C6-783CB1A6353B}.Release|Any CPU.Build.0 = Release|Any CPU
	EndGlobalSection
	GlobalSection(SolutionProperties) = preSolution
		HideSolutionNode = FALSE
	EndGlobalSection
	GlobalSection(ExtensibilityGlobals) = postSolution
		SolutionGuid = {54837374-119E-4DF5-81AD-AD60442EFEB8}
	EndGlobalSection
EndGlobal
